// !$*UTF8*$!
{
	archiveVersion = 1;
	classes = {
	};
	objectVersion = 46;
	objects = {

/* Begin PBXBuildFile section */
		0C1F638A1A5ACD05004B3586 /* AppDelegate.swift in Sources */ = {isa = PBXBuildFile; fileRef = 0C1F63891A5ACD05004B3586 /* AppDelegate.swift */; };
		0C1F638C1A5ACD05004B3586 /* CreationCompte.swift in Sources */ = {isa = PBXBuildFile; fileRef = 0C1F638B1A5ACD05004B3586 /* CreationCompte.swift */; };
		0C1F638F1A5ACD05004B3586 /* Main.storyboard in Resources */ = {isa = PBXBuildFile; fileRef = 0C1F638D1A5ACD05004B3586 /* Main.storyboard */; };
		0C1F63911A5ACD05004B3586 /* Images.xcassets in Resources */ = {isa = PBXBuildFile; fileRef = 0C1F63901A5ACD05004B3586 /* Images.xcassets */; };
		0C1F63941A5ACD05004B3586 /* LaunchScreen.xib in Resources */ = {isa = PBXBuildFile; fileRef = 0C1F63921A5ACD05004B3586 /* LaunchScreen.xib */; };
		0C1F63A01A5ACD05004B3586 /* SeenTests.swift in Sources */ = {isa = PBXBuildFile; fileRef = 0C1F639F1A5ACD05004B3586 /* SeenTests.swift */; };
		0C1F63AA1A5B0842004B3586 /* Connexion.swift in Sources */ = {isa = PBXBuildFile; fileRef = 0C1F63A91A5B0842004B3586 /* Connexion.swift */; };
		0C1F63AC1A5B0B9A004B3586 /* Acceuil.swift in Sources */ = {isa = PBXBuildFile; fileRef = 0C1F63AB1A5B0B9A004B3586 /* Acceuil.swift */; };
		0C1F63AE1A5BE2FD004B3586 /* Recherche.swift in Sources */ = {isa = PBXBuildFile; fileRef = 0C1F63AD1A5BE2FD004B3586 /* Recherche.swift */; };
		0C1F63B01A5BE325004B3586 /* Films.swift in Sources */ = {isa = PBXBuildFile; fileRef = 0C1F63AF1A5BE325004B3586 /* Films.swift */; };
		0C1F63B21A5BE367004B3586 /* Series.swift in Sources */ = {isa = PBXBuildFile; fileRef = 0C1F63B11A5BE367004B3586 /* Series.swift */; };
		0C1F63B41A5BE37F004B3586 /* Compte.swift in Sources */ = {isa = PBXBuildFile; fileRef = 0C1F63B31A5BE37F004B3586 /* Compte.swift */; };
		0C59B2A51A5D9B0F009A01F4 /* FilmsDetails.swift in Sources */ = {isa = PBXBuildFile; fileRef = 0C59B2A41A5D9B0F009A01F4 /* FilmsDetails.swift */; };
/* End PBXBuildFile section */

/* Begin PBXContainerItemProxy section */
		0C1F639A1A5ACD05004B3586 /* PBXContainerItemProxy */ = {
			isa = PBXContainerItemProxy;
			containerPortal = 0C1F637C1A5ACD05004B3586 /* Project object */;
			proxyType = 1;
			remoteGlobalIDString = 0C1F63831A5ACD05004B3586;
			remoteInfo = Seen;
		};
/* End PBXContainerItemProxy section */

/* Begin PBXFileReference section */
		0C1F63841A5ACD05004B3586 /* Seen.app */ = {isa = PBXFileReference; explicitFileType = wrapper.application; includeInIndex = 0; path = Seen.app; sourceTree = BUILT_PRODUCTS_DIR; };
		0C1F63881A5ACD05004B3586 /* Info.plist */ = {isa = PBXFileReference; lastKnownFileType = text.plist.xml; path = Info.plist; sourceTree = "<group>"; };
		0C1F63891A5ACD05004B3586 /* AppDelegate.swift */ = {isa = PBXFileReference; lastKnownFileType = sourcecode.swift; path = AppDelegate.swift; sourceTree = "<group>"; wrapsLines = 1; };
		0C1F638B1A5ACD05004B3586 /* CreationCompte.swift */ = {isa = PBXFileReference; lastKnownFileType = sourcecode.swift; path = CreationCompte.swift; sourceTree = "<group>"; usesTabs = 0; };
		0C1F638E1A5ACD05004B3586 /* Base */ = {isa = PBXFileReference; lastKnownFileType = file.storyboard; name = Base; path = Base.lproj/Main.storyboard; sourceTree = "<group>"; };
		0C1F63901A5ACD05004B3586 /* Images.xcassets */ = {isa = PBXFileReference; lastKnownFileType = folder.assetcatalog; path = Images.xcassets; sourceTree = "<group>"; };
		0C1F63931A5ACD05004B3586 /* Base */ = {isa = PBXFileReference; lastKnownFileType = file.xib; name = Base; path = Base.lproj/LaunchScreen.xib; sourceTree = "<group>"; };
		0C1F63991A5ACD05004B3586 /* SeenTests.xctest */ = {isa = PBXFileReference; explicitFileType = wrapper.cfbundle; includeInIndex = 0; path = SeenTests.xctest; sourceTree = BUILT_PRODUCTS_DIR; };
		0C1F639E1A5ACD05004B3586 /* Info.plist */ = {isa = PBXFileReference; lastKnownFileType = text.plist.xml; path = Info.plist; sourceTree = "<group>"; };
		0C1F639F1A5ACD05004B3586 /* SeenTests.swift */ = {isa = PBXFileReference; lastKnownFileType = sourcecode.swift; path = SeenTests.swift; sourceTree = "<group>"; };
		0C1F63A91A5B0842004B3586 /* Connexion.swift */ = {isa = PBXFileReference; fileEncoding = 4; lastKnownFileType = sourcecode.swift; path = Connexion.swift; sourceTree = "<group>"; };
		0C1F63AB1A5B0B9A004B3586 /* Acceuil.swift */ = {isa = PBXFileReference; fileEncoding = 4; lastKnownFileType = sourcecode.swift; lineEnding = 0; path = Acceuil.swift; sourceTree = "<group>"; usesTabs = 0; };
		0C1F63AD1A5BE2FD004B3586 /* Recherche.swift */ = {isa = PBXFileReference; fileEncoding = 4; lastKnownFileType = sourcecode.swift; path = Recherche.swift; sourceTree = "<group>"; };
		0C1F63AF1A5BE325004B3586 /* Films.swift */ = {isa = PBXFileReference; fileEncoding = 4; lastKnownFileType = sourcecode.swift; path = Films.swift; sourceTree = "<group>"; };
		0C1F63B11A5BE367004B3586 /* Series.swift */ = {isa = PBXFileReference; fileEncoding = 4; lastKnownFileType = sourcecode.swift; path = Series.swift; sourceTree = "<group>"; };
		0C1F63B31A5BE37F004B3586 /* Compte.swift */ = {isa = PBXFileReference; fileEncoding = 4; lastKnownFileType = sourcecode.swift; path = Compte.swift; sourceTree = "<group>"; };
		0C59B2A41A5D9B0F009A01F4 /* FilmsDetails.swift */ = {isa = PBXFileReference; fileEncoding = 4; lastKnownFileType = sourcecode.swift; path = FilmsDetails.swift; sourceTree = "<group>"; };
/* End PBXFileReference section */

/* Begin PBXFrameworksBuildPhase section */
		0C1F63811A5ACD05004B3586 /* Frameworks */ = {
			isa = PBXFrameworksBuildPhase;
			buildActionMask = 2147483647;
			files = (
			);
			runOnlyForDeploymentPostprocessing = 0;
		};
		0C1F63961A5ACD05004B3586 /* Frameworks */ = {
			isa = PBXFrameworksBuildPhase;
			buildActionMask = 2147483647;
			files = (
			);
			runOnlyForDeploymentPostprocessing = 0;
		};
/* End PBXFrameworksBuildPhase section */

/* Begin PBXGroup section */
		0C1F637B1A5ACD05004B3586 = {
			isa = PBXGroup;
			children = (
				0C1F63861A5ACD05004B3586 /* Seen */,
				0C1F639C1A5ACD05004B3586 /* SeenTests */,
				0C1F63851A5ACD05004B3586 /* Products */,
			);
			sourceTree = "<group>";
		};
		0C1F63851A5ACD05004B3586 /* Products */ = {
			isa = PBXGroup;
			children = (
				0C1F63841A5ACD05004B3586 /* Seen.app */,
				0C1F63991A5ACD05004B3586 /* SeenTests.xctest */,
			);
			name = Products;
			sourceTree = "<group>";
		};
		0C1F63861A5ACD05004B3586 /* Seen */ = {
			isa = PBXGroup;
			children = (
				0C1F63891A5ACD05004B3586 /* AppDelegate.swift */,
				0C1F638B1A5ACD05004B3586 /* CreationCompte.swift */,
				0C1F63A91A5B0842004B3586 /* Connexion.swift */,
				0C1F63AB1A5B0B9A004B3586 /* Acceuil.swift */,
				0C1F63AD1A5BE2FD004B3586 /* Recherche.swift */,
				0C1F63AF1A5BE325004B3586 /* Films.swift */,
				0C59B2A41A5D9B0F009A01F4 /* FilmsDetails.swift */,
				0C1F63B11A5BE367004B3586 /* Series.swift */,
				0C1F63B31A5BE37F004B3586 /* Compte.swift */,
				0C1F638D1A5ACD05004B3586 /* Main.storyboard */,
				0C1F63901A5ACD05004B3586 /* Images.xcassets */,
				0C1F63921A5ACD05004B3586 /* LaunchScreen.xib */,
				0C1F63871A5ACD05004B3586 /* Supporting Files */,
			);
			path = Seen;
			sourceTree = "<group>";
		};
		0C1F63871A5ACD05004B3586 /* Supporting Files */ = {
			isa = PBXGroup;
			children = (
				0C1F63881A5ACD05004B3586 /* Info.plist */,
			);
			name = "Supporting Files";
			sourceTree = "<group>";
		};
		0C1F639C1A5ACD05004B3586 /* SeenTests */ = {
			isa = PBXGroup;
			children = (
				0C1F639F1A5ACD05004B3586 /* SeenTests.swift */,
				0C1F639D1A5ACD05004B3586 /* Supporting Files */,
			);
			path = SeenTests;
			sourceTree = "<group>";
		};
		0C1F639D1A5ACD05004B3586 /* Supporting Files */ = {
			isa = PBXGroup;
			children = (
				0C1F639E1A5ACD05004B3586 /* Info.plist */,
			);
			name = "Supporting Files";
			sourceTree = "<group>";
		};
/* End PBXGroup section */

/* Begin PBXNativeTarget section */
		0C1F63831A5ACD05004B3586 /* Seen */ = {
			isa = PBXNativeTarget;
			buildConfigurationList = 0C1F63A31A5ACD05004B3586 /* Build configuration list for PBXNativeTarget "Seen" */;
			buildPhases = (
				0C1F63801A5ACD05004B3586 /* Sources */,
				0C1F63811A5ACD05004B3586 /* Frameworks */,
				0C1F63821A5ACD05004B3586 /* Resources */,
			);
			buildRules = (
			);
			dependencies = (
			);
			name = Seen;
			productName = Seen;
			productReference = 0C1F63841A5ACD05004B3586 /* Seen.app */;
			productType = "com.apple.product-type.application";
		};
		0C1F63981A5ACD05004B3586 /* SeenTests */ = {
			isa = PBXNativeTarget;
			buildConfigurationList = 0C1F63A61A5ACD05004B3586 /* Build configuration list for PBXNativeTarget "SeenTests" */;
			buildPhases = (
				0C1F63951A5ACD05004B3586 /* Sources */,
				0C1F63961A5ACD05004B3586 /* Frameworks */,
				0C1F63971A5ACD05004B3586 /* Resources */,
			);
			buildRules = (
			);
			dependencies = (
				0C1F639B1A5ACD05004B3586 /* PBXTargetDependency */,
			);
			name = SeenTests;
			productName = SeenTests;
			productReference = 0C1F63991A5ACD05004B3586 /* SeenTests.xctest */;
			productType = "com.apple.product-type.bundle.unit-test";
		};
/* End PBXNativeTarget section */

/* Begin PBXProject section */
		0C1F637C1A5ACD05004B3586 /* Project object */ = {
			isa = PBXProject;
			attributes = {
				LastUpgradeCheck = 0610;
				ORGANIZATIONNAME = "Cyril Py";
				TargetAttributes = {
					0C1F63831A5ACD05004B3586 = {
						CreatedOnToolsVersion = 6.1.1;
						DevelopmentTeam = 8BNRNG4PCS;
					};
					0C1F63981A5ACD05004B3586 = {
						CreatedOnToolsVersion = 6.1.1;
						TestTargetID = 0C1F63831A5ACD05004B3586;
					};
				};
			};
			buildConfigurationList = 0C1F637F1A5ACD05004B3586 /* Build configuration list for PBXProject "Seen" */;
			compatibilityVersion = "Xcode 3.2";
			developmentRegion = English;
			hasScannedForEncodings = 0;
			knownRegions = (
				en,
				Base,
			);
			mainGroup = 0C1F637B1A5ACD05004B3586;
			productRefGroup = 0C1F63851A5ACD05004B3586 /* Products */;
			projectDirPath = "";
			projectRoot = "";
			targets = (
				0C1F63831A5ACD05004B3586 /* Seen */,
				0C1F63981A5ACD05004B3586 /* SeenTests */,
			);
		};
/* End PBXProject section */

/* Begin PBXResourcesBuildPhase section */
		0C1F63821A5ACD05004B3586 /* Resources */ = {
			isa = PBXResourcesBuildPhase;
			buildActionMask = 2147483647;
			files = (
				0C1F638F1A5ACD05004B3586 /* Main.storyboard in Resources */,
				0C1F63941A5ACD05004B3586 /* LaunchScreen.xib in Resources */,
				0C1F63911A5ACD05004B3586 /* Images.xcassets in Resources */,
			);
			runOnlyForDeploymentPostprocessing = 0;
		};
		0C1F63971A5ACD05004B3586 /* Resources */ = {
			isa = PBXResourcesBuildPhase;
			buildActionMask = 2147483647;
			files = (
			);
			runOnlyForDeploymentPostprocessing = 0;
		};
/* End PBXResourcesBuildPhase section */

/* Begin PBXSourcesBuildPhase section */
		0C1F63801A5ACD05004B3586 /* Sources */ = {
			isa = PBXSourcesBuildPhase;
			buildActionMask = 2147483647;
			files = (
				0C1F638C1A5ACD05004B3586 /* CreationCompte.swift in Sources */,
				0C1F63B01A5BE325004B3586 /* Films.swift in Sources */,
				0C1F63AA1A5B0842004B3586 /* Connexion.swift in Sources */,
				0C1F63AE1A5BE2FD004B3586 /* Recherche.swift in Sources */,
				0C1F63AC1A5B0B9A004B3586 /* Acceuil.swift in Sources */,
				0C1F638A1A5ACD05004B3586 /* AppDelegate.swift in Sources */,
				0C59B2A51A5D9B0F009A01F4 /* FilmsDetails.swift in Sources */,
				0C1F63B21A5BE367004B3586 /* Series.swift in Sources */,
				0C1F63B41A5BE37F004B3586 /* Compte.swift in Sources */,
			);
			runOnlyForDeploymentPostprocessing = 0;
		};
		0C1F63951A5ACD05004B3586 /* Sources */ = {
			isa = PBXSourcesBuildPhase;
			buildActionMask = 2147483647;
			files = (
				0C1F63A01A5ACD05004B3586 /* SeenTests.swift in Sources */,
			);
			runOnlyForDeploymentPostprocessing = 0;
		};
/* End PBXSourcesBuildPhase section */

/* Begin PBXTargetDependency section */
		0C1F639B1A5ACD05004B3586 /* PBXTargetDependency */ = {
			isa = PBXTargetDependency;
			target = 0C1F63831A5ACD05004B3586 /* Seen */;
			targetProxy = 0C1F639A1A5ACD05004B3586 /* PBXContainerItemProxy */;
		};
/* End PBXTargetDependency section */

/* Begin PBXVariantGroup section */
		0C1F638D1A5ACD05004B3586 /* Main.storyboard */ = {
			isa = PBXVariantGroup;
			children = (
				0C1F638E1A5ACD05004B3586 /* Base */,
			);
			name = Main.storyboard;
			sourceTree = "<group>";
		};
		0C1F63921A5ACD05004B3586 /* LaunchScreen.xib */ = {
			isa = PBXVariantGroup;
			children = (
				0C1F63931A5ACD05004B3586 /* Base */,
			);
			name = LaunchScreen.xib;
			sourceTree = "<group>";
		};
/* End PBXVariantGroup section */

/* Begin XCBuildConfiguration section */
		0C1F63A11A5ACD05004B3586 /* Debug */ = {
			isa = XCBuildConfiguration;
			buildSettings = {
				ALWAYS_SEARCH_USER_PATHS = NO;
				CLANG_CXX_LANGUAGE_STANDARD = "gnu++0x";
				CLANG_CXX_LIBRARY = "libc++";
				CLANG_ENABLE_MODULES = YES;
				CLANG_ENABLE_OBJC_ARC = YES;
				CLANG_WARN_BOOL_CONVERSION = YES;
				CLANG_WARN_CONSTANT_CONVERSION = YES;
				CLANG_WARN_DIRECT_OBJC_ISA_USAGE = YES_ERROR;
				CLANG_WARN_EMPTY_BODY = YES;
				CLANG_WARN_ENUM_CONVERSION = YES;
				CLANG_WARN_INT_CONVERSION = YES;
				CLANG_WARN_OBJC_ROOT_CLASS = YES_ERROR;
				CLANG_WARN_UNREACHABLE_CODE = YES;
				CLANG_WARN__DUPLICATE_METHOD_MATCH = YES;
				"CODE_SIGN_IDENTITY[sdk=iphoneos*]" = "iPhone Developer";
				COPY_PHASE_STRIP = NO;
				ENABLE_STRICT_OBJC_MSGSEND = YES;
				GCC_C_LANGUAGE_STANDARD = gnu99;
				GCC_DYNAMIC_NO_PIC = NO;
				GCC_OPTIMIZATION_LEVEL = 0;
				GCC_PREPROCESSOR_DEFINITIONS = (
					"DEBUG=1",
					"$(inherited)",
				);
				GCC_SYMBOLS_PRIVATE_EXTERN = NO;
				GCC_WARN_64_TO_32_BIT_CONVERSION = YES;
				GCC_WARN_ABOUT_RETURN_TYPE = YES_ERROR;
				GCC_WARN_UNDECLARED_SELECTOR = YES;
				GCC_WARN_UNINITIALIZED_AUTOS = YES_AGGRESSIVE;
				GCC_WARN_UNUSED_FUNCTION = YES;
				GCC_WARN_UNUSED_VARIABLE = YES;
				IPHONEOS_DEPLOYMENT_TARGET = 8.1;
				MTL_ENABLE_DEBUG_INFO = YES;
				ONLY_ACTIVE_ARCH = YES;
				SDKROOT = iphoneos;
				SWIFT_OPTIMIZATION_LEVEL = "-Onone";
				TARGETED_DEVICE_FAMILY = "1,2";
			};
			name = Debug;
		};
		0C1F63A21A5ACD05004B3586 /* Release */ = {
			isa = XCBuildConfiguration;
			buildSettings = {
				ALWAYS_SEARCH_USER_PATHS = NO;
				CLANG_CXX_LANGUAGE_STANDARD = "gnu++0x";
				CLANG_CXX_LIBRARY = "libc++";
				CLANG_ENABLE_MODULES = YES;
				CLANG_ENABLE_OBJC_ARC = YES;
				CLANG_WARN_BOOL_CONVERSION = YES;
				CLANG_WARN_CONSTANT_CONVERSION = YES;
				CLANG_WARN_DIRECT_OBJC_ISA_USAGE = YES_ERROR;
				CLANG_WARN_EMPTY_BODY = YES;
				CLANG_WARN_ENUM_CONVERSION = YES;
				CLANG_WARN_INT_CONVERSION = YES;
				CLANG_WARN_OBJC_ROOT_CLASS = YES_ERROR;
				CLANG_WARN_UNREACHABLE_CODE = YES;
				CLANG_WARN__DUPLICATE_METHOD_MATCH = YES;
				"CODE_SIGN_IDENTITY[sdk=iphoneos*]" = "iPhone Developer";
				COPY_PHASE_STRIP = YES;
				ENABLE_NS_ASSERTIONS = NO;
				ENABLE_STRICT_OBJC_MSGSEND = YES;
				GCC_C_LANGUAGE_STANDARD = gnu99;
				GCC_WARN_64_TO_32_BIT_CONVERSION = YES;
				GCC_WARN_ABOUT_RETURN_TYPE = YES_ERROR;
				GCC_WARN_UNDECLARED_SELECTOR = YES;
				GCC_WARN_UNINITIALIZED_AUTOS = YES_AGGRESSIVE;
				GCC_WARN_UNUSED_FUNCTION = YES;
				GCC_WARN_UNUSED_VARIABLE = YES;
				IPHONEOS_DEPLOYMENT_TARGET = 8.1;
				MTL_ENABLE_DEBUG_INFO = NO;
				SDKROOT = iphoneos;
				TARGETED_DEVICE_FAMILY = "1,2";
				VALIDATE_PRODUCT = YES;
			};
			name = Release;
		};
		0C1F63A41A5ACD05004B3586 /* Debug */ = {
			isa = XCBuildConfiguration;
			buildSettings = {
				ASSETCATALOG_COMPILER_APPICON_NAME = AppIcon;
				CODE_SIGN_IDENTITY = "iPhone Developer";
				INFOPLIST_FILE = Seen/Info.plist;
				LD_RUNPATH_SEARCH_PATHS = "$(inherited) @executable_path/Frameworks";
				PRODUCT_NAME = "$(TARGET_NAME)";
				TARGETED_DEVICE_FAMILY = "1,2";
			};
			name = Debug;
		};
		0C1F63A51A5ACD05004B3586 /* Release */ = {
			isa = XCBuildConfiguration;
			buildSettings = {
				ASSETCATALOG_COMPILER_APPICON_NAME = AppIcon;
				CODE_SIGN_IDENTITY = "iPhone Developer";
				INFOPLIST_FILE = Seen/Info.plist;
				LD_RUNPATH_SEARCH_PATHS = "$(inherited) @executable_path/Frameworks";
				PRODUCT_NAME = "$(TARGET_NAME)";
				TARGETED_DEVICE_FAMILY = "1,2";
			};
			name = Release;
		};
		0C1F63A71A5ACD05004B3586 /* Debug */ = {
			isa = XCBuildConfiguration;
			buildSettings = {
				BUNDLE_LOADER = "$(TEST_HOST)";
				FRAMEWORK_SEARCH_PATHS = (
					"$(SDKROOT)/Developer/Library/Frameworks",
					"$(inherited)",
				);
				GCC_PREPROCESSOR_DEFINITIONS = (
					"DEBUG=1",
					"$(inherited)",
				);
				INFOPLIST_FILE = SeenTests/Info.plist;
				LD_RUNPATH_SEARCH_PATHS = "$(inherited) @executable_path/Frameworks @loader_path/Frameworks";
				PRODUCT_NAME = "$(TARGET_NAME)";
				TEST_HOST = "$(BUILT_PRODUCTS_DIR)/Seen.app/Seen";
			};
			name = Debug;
		};
		0C1F63A81A5ACD05004B3586 /* Release */ = {
			isa = XCBuildConfiguration;
			buildSettings = {
				BUNDLE_LOADER = "$(TEST_HOST)";
				FRAMEWORK_SEARCH_PATHS = (
					"$(SDKROOT)/Developer/Library/Frameworks",
					"$(inherited)",
				);
				INFOPLIST_FILE = SeenTests/Info.plist;
				LD_RUNPATH_SEARCH_PATHS = "$(inherited) @executable_path/Frameworks @loader_path/Frameworks";
				PRODUCT_NAME = "$(TARGET_NAME)";
				TEST_HOST = "$(BUILT_PRODUCTS_DIR)/Seen.app/Seen";
			};
			name = Release;
		};
/* End XCBuildConfiguration section */

/* Begin XCConfigurationList section */
		0C1F637F1A5ACD05004B3586 /* Build configuration list for PBXProject "Seen" */ = {
			isa = XCConfigurationList;
			buildConfigurations = (
				0C1F63A11A5ACD05004B3586 /* Debug */,
				0C1F63A21A5ACD05004B3586 /* Release */,
			);
			defaultConfigurationIsVisible = 0;
			defaultConfigurationName = Release;
		};
		0C1F63A31A5ACD05004B3586 /* Build configuration list for PBXNativeTarget "Seen" */ = {
			isa = XCConfigurationList;
			buildConfigurations = (
				0C1F63A41A5ACD05004B3586 /* Debug */,
				0C1F63A51A5ACD05004B3586 /* Release */,
			);
			defaultConfigurationIsVisible = 0;
			defaultConfigurationName = Release;
		};
		0C1F63A61A5ACD05004B3586 /* Build configuration list for PBXNativeTarget "SeenTests" */ = {
			isa = XCConfigurationList;
			buildConfigurations = (
				0C1F63A71A5ACD05004B3586 /* Debug */,
				0C1F63A81A5ACD05004B3586 /* Release */,
			);
			defaultConfigurationIsVisible = 0;
			defaultConfigurationName = Release;
		};
/* End XCConfigurationList section */
	};
	rootObject = 0C1F637C1A5ACD05004B3586 /* Project object */;
}
